
Microsoft Visual Studio Solution File, Format Version 12.00
# Visual Studio Version 17
VisualStudioVersion = 17.3.32901.215
MinimumVisualStudioVersion = 10.0.40219.1
Project("{FAE04EC0-301F-11D3-BF4B-00C04F79EFBC}") = "WindowsFormsApp1", "WindowsFormsApp1.csproj", "{C66FD97C-9521-4348-A3C6-A4A6F7DC267C}"
EndProject
Global
	GlobalSection(SolutionConfigurationPlatforms) = preSolution
		Debug|Any CPU = Debug|Any CPU
		Release|Any CPU = Release|Any CPU
	EndGlobalSection
	GlobalSection(ProjectConfigurationPlatforms) = postSolution
		{C66FD97C-9521-4348-A3C6-A4A6F7DC267C}.Debug|Any CPU.ActiveCfg = Debug|Any CPU
		{C66FD97C-9521-4348-A3C6-A4A6F7DC267C}.Debug|Any CPU.Build.0 = Debug|Any CPU
		{C66FD97C-9521-4348-A3C6-A4A6F7DC267C}.Release|Any CPU.ActiveCfg = Release|Any CPU
		{C66FD97C-9521-4348-A3C6-A4A6F7DC267C}.Release|Any CPU.Build.0 = Release|Any CPU
	EndGlobalSection
	GlobalSection(SolutionProperties) = preSolution
		HideSolutionNode = FALSE
	EndGlobalSection
	GlobalSection(ExtensibilityGlobals) = postSolution
		SolutionGuid = {4F045807-7ADF-4E6A-A4D4-F8EB99485C95}
	EndGlobalSection
EndGlobal
